lockfileVersion: '9.0'

settings:
  autoInstallPeers: true
  excludeLinksFromLockfile: false

importers:

  .:
    dependencies:
      '@animocabrands/minds-client-lib':
        specifier: 0.1.3
        version: 0.1.3
    devDependencies:
      '@types/node':
        specifier: 22.17.0
        version: 22.17.0
      typescript:
        specifier: 5.9.2
        version: 5.9.2

packages:

  '@animocabrands/minds-client-lib@0.1.3':
    resolution: {integrity: sha512-tPWdcg67C0/OKBhDsFkeU3RDHFzK+hrXKCk3hIMYcZQz+q08NfT/8GPj9UpDsA8ag675AaZjH5NIYNmYSyViqQ==}
    engines: {node: '>=22'}

  '@types/node@22.17.0':
    resolution: {integrity: sha512-bbAKTCqX5aNVryi7qXVMi+OkB3w/OyblodicMbvE38blyAz7GxXf6XYhklokijuPwwVg9sDLKRxt0ZHXQwZVfQ==}

  typescript@5.9.2:
    resolution: {integrity: sha512-CWBzXQrc/qOkhidw1OzBTQuYRbfyxDXJMVJ1XNwUHGROVmuaeiEm3OslpZ1RV96d7SKKjZKrSJu3+t/xlw3R9A==}
    engines: {node: '>=14.17'}
    hasBin: true

  undici-types@6.21.0:
    resolution: {integrity: sha512-iwDZqg0QAGrg9Rav5H4n0M64c3mkR59cJ6wQp+7C4nI0gsmExaedaYLNO44eT4AtBBwjbTiGPMlt2Md0T9H9JQ==}

snapshots:

  '@animocabrands/minds-client-lib@0.1.3': {}

  '@types/node@22.17.0':
    dependencies:
      undici-types: 6.21.0

  typescript@5.9.2: {}

  undici-types@6.21.0: {}
